// !$*UTF8*$!
{
	archiveVersion = 1;
	classes = {
	};
	objectVersion = 56;
	objects = {

/* Begin PBXBuildFile section */
		2115F425297FB4860057C89C /* AlbFormView.swift in Sources */ = {isa = PBXBuildFile; fileRef = 2115F424297FB4860057C89C /* AlbFormView.swift */; };
		2115F42B298005270057C89C /* QuestionError.swift in Sources */ = {isa = PBXBuildFile; fileRef = 2115F42A298005270057C89C /* QuestionError.swift */; };
		2126FE19297D406300A23B18 /* WeightFormView.swift in Sources */ = {isa = PBXBuildFile; fileRef = 2126FE18297D406300A23B18 /* WeightFormView.swift */; };
		2126FE1B297D673400A23B18 /* HeightFormView.swift in Sources */ = {isa = PBXBuildFile; fileRef = 2126FE1A297D673400A23B18 /* HeightFormView.swift */; };
		212A1FC52951B38000508396 /* CliticalApp.swift in Sources */ = {isa = PBXBuildFile; fileRef = 212A1FC42951B38000508396 /* CliticalApp.swift */; };
		212A1FC72951B38000508396 /* ContentView.swift in Sources */ = {isa = PBXBuildFile; fileRef = 212A1FC62951B38000508396 /* ContentView.swift */; };
		212A1FC92951B38000508396 /* Assets.xcassets in Resources */ = {isa = PBXBuildFile; fileRef = 212A1FC82951B38000508396 /* Assets.xcassets */; };
		212A1FCC2951B38000508396 /* Preview Assets.xcassets in Resources */ = {isa = PBXBuildFile; fileRef = 212A1FCB2951B38000508396 /* Preview Assets.xcassets */; };
		212A1FD62951B38000508396 /* cliticalTests.swift in Sources */ = {isa = PBXBuildFile; fileRef = 212A1FD52951B38000508396 /* cliticalTests.swift */; };
		212A1FE02951B38000508396 /* cliticalUITests.swift in Sources */ = {isa = PBXBuildFile; fileRef = 212A1FDF2951B38000508396 /* cliticalUITests.swift */; };
		212A1FE22951B38000508396 /* cliticalUITestsLaunchTests.swift in Sources */ = {isa = PBXBuildFile; fileRef = 212A1FE12951B38000508396 /* cliticalUITestsLaunchTests.swift */; };
		21365624297F65E300BFDAFD /* AgeFormView.swift in Sources */ = {isa = PBXBuildFile; fileRef = 21365623297F65E300BFDAFD /* AgeFormView.swift */; };
		2189A24D3004AE240002AA14 /* ChoiceListView.swift in Sources */ = {isa = PBXBuildFile; fileRef = 2189A24C3004AE240002AA14 /* ChoiceListView.swift */; };
		2189A24F3004AE2A0002AA14 /* Labels.swift in Sources */ = {isa = PBXBuildFile; fileRef = 2189A24E3004AE2A0002AA14 /* Labels.swift */; };
		218C5C232983BDEA006A4592 /* PredictedRiskView.swift in Sources */ = {isa = PBXBuildFile; fileRef = 218C5C222983BDEA006A4592 /* PredictedRiskView.swift */; };
		2196DF7A296DC20600A9FF81 /* Localizable.strings in Resources */ = {isa = PBXBuildFile; fileRef = 2196DF7C296DC20600A9FF81 /* Localizable.strings */; };
		21C78F8E2951F4CF0054A045 /* CLPatientData in Frameworks */ = {isa = PBXBuildFile; productRef = 21C78F8D2951F4CF0054A045 /* CLPatientData */; };
/* End PBXBuildFile section */

/* Begin PBXContainerItemProxy section */
		212A1FD22951B38000508396 /* PBXContainerItemProxy */ = {
			isa = PBXContainerItemProxy;
			containerPortal = 212A1FB92951B38000508396 /* Project object */;
			proxyType = 1;
			remoteGlobalIDString = 212A1FC02951B38000508396;
			remoteInfo = clitical;
		};
		212A1FDC2951B38000508396 /* PBXContainerItemProxy */ = {
			isa = PBXContainerItemProxy;
			containerPortal = 212A1FB92951B38000508396 /* Project object */;
			proxyType = 1;
			remoteGlobalIDString = 212A1FC02951B38000508396;
			remoteInfo = clitical;
		};
/* End PBXContainerItemProxy section */

/* Begin PBXFileReference section */
		2115F424297FB4860057C89C /* AlbFormView.swift */ = {isa = PBXFileReference; lastKnownFileType = sourcecode.swift; path = AlbFormView.swift; sourceTree = "<group>"; };
		2115F42A298005270057C89C /* QuestionError.swift */ = {isa = PBXFileReference; lastKnownFileType = sourcecode.swift; path = QuestionError.swift; sourceTree = "<group>"; };
		2126FE18297D406300A23B18 /* WeightFormView.swift */ = {isa = PBXFileReference; lastKnownFileType = sourcecode.swift; path = WeightFormView.swift; sourceTree = "<group>"; };
		2126FE1A297D673400A23B18 /* HeightFormView.swift */ = {isa = PBXFileReference; lastKnownFileType = sourcecode.swift; path = HeightFormView.swift; sourceTree = "<group>"; };
		2126FE1C297E02C400A23B18 /* en */ = {isa = PBXFileReference; lastKnownFileType = text.plist.strings; name = en; path = en.lproj/Localizable.strings; sourceTree = "<group>"; };
		212A1FC12951B38000508396 /* clitical-ios.app */ = {isa = PBXFileReference; explicitFileType = wrapper.application; includeInIndex = 0; path = "clitical-ios.app"; sourceTree = BUILT_PRODUCTS_DIR; };
		212A1FC42951B38000508396 /* CliticalApp.swift */ = {isa = PBXFileReference; lastKnownFileType = sourcecode.swift; path = CliticalApp.swift; sourceTree = "<group>"; };
		212A1FC62951B38000508396 /* ContentView.swift */ = {isa = PBXFileReference; lastKnownFileType = sourcecode.swift; path = ContentView.swift; sourceTree = "<group>"; };
		212A1FC82951B38000508396 /* Assets.xcassets */ = {isa = PBXFileReference; lastKnownFileType = folder.assetcatalog; path = Assets.xcassets; sourceTree = "<group>"; };
		212A1FCB2951B38000508396 /* Preview Assets.xcassets */ = {isa = PBXFileReference; lastKnownFileType = folder.assetcatalog; path = "Preview Assets.xcassets"; sourceTree = "<group>"; };
		212A1FD12951B38000508396 /* clitical-iosTests.xctest */ = {isa = PBXFileReference; explicitFileType = wrapper.cfbundle; includeInIndex = 0; path = "clitical-iosTests.xctest"; sourceTree = BUILT_PRODUCTS_DIR; };
		212A1FD52951B38000508396 /* cliticalTests.swift */ = {isa = PBXFileReference; lastKnownFileType = sourcecode.swift; path = cliticalTests.swift; sourceTree = "<group>"; };
		212A1FDB2951B38000508396 /* clitical-iosUITests.xctest */ = {isa = PBXFileReference; explicitFileType = wrapper.cfbundle; includeInIndex = 0; path = "clitical-iosUITests.xctest"; sourceTree = BUILT_PRODUCTS_DIR; };
		212A1FDF2951B38000508396 /* cliticalUITests.swift */ = {isa = PBXFileReference; lastKnownFileType = sourcecode.swift; path = cliticalUITests.swift; sourceTree = "<group>"; };
		212A1FE12951B38000508396 /* cliticalUITestsLaunchTests.swift */ = {isa = PBXFileReference; lastKnownFileType = sourcecode.swift; path = cliticalUITestsLaunchTests.swift; sourceTree = "<group>"; };
		21365623297F65E300BFDAFD /* AgeFormView.swift */ = {isa = PBXFileReference; lastKnownFileType = sourcecode.swift; path = AgeFormView.swift; sourceTree = "<group>"; };
		2189A24C3004AE240002AA14 /* ChoiceListView.swift */ = {isa = PBXFileReference; lastKnownFileType = sourcecode.swift; path = ChoiceListView.swift; sourceTree = "<group>"; };
		2189A24E3004AE2A0002AA14 /* Labels.swift */ = {isa = PBXFileReference; lastKnownFileType = sourcecode.swift; path = Labels.swift; sourceTree = "<group>"; };
		218C5C222983BDEA006A4592 /* PredictedRiskView.swift */ = {isa = PBXFileReference; lastKnownFileType = sourcecode.swift; path = PredictedRiskView.swift; sourceTree = "<group>"; };
		2196DF7D296DC21400A9FF81 /* ja */ = {isa = PBXFileReference; lastKnownFileType = text.plist.strings; name = ja; path = ja.lproj/Localizable.strings; sourceTree = "<group>"; };
		21C78F8B2951F4180054A045 /* CLPatientData */ = {isa = PBXFileReference; lastKnownFileType = wrapper; path = CLPatientData; sourceTree = "<group>"; };
/* End PBXFileReference section */

/* Begin PBXFrameworksBuildPhase section */
		212A1FBE2951B38000508396 /* Frameworks */ = {
			isa = PBXFrameworksBuildPhase;
			buildActionMask = 2147483647;
			files = (
				21C78F8E2951F4CF0054A045 /* CLPatientData in Frameworks */,
			);
			runOnlyForDeploymentPostprocessing = 0;
		};
		212A1FCE2951B38000508396 /* Frameworks */ = {
			isa = PBXFrameworksBuildPhase;
			buildActionMask = 2147483647;
			files = (
			);
			runOnlyForDeploymentPostprocessing = 0;
		};
		212A1FD82951B38000508396 /* Frameworks */ = {
			isa = PBXFrameworksBuildPhase;
			buildActionMask = 2147483647;
			files = (
			);
			runOnlyForDeploymentPostprocessing = 0;
		};
/* End PBXFrameworksBuildPhase section */

/* Begin PBXGroup section */
		212A1FB82951B38000508396 = {
			isa = PBXGroup;
			children = (
				2196DF7C296DC20600A9FF81 /* Localizable.strings */,
				212A1FC32951B38000508396 /* clitical */,
				212A1FD42951B38000508396 /* cliticalTests */,
				212A1FDE2951B38000508396 /* cliticalUITests */,
				212A1FC22951B38000508396 /* Products */,
				21C78F8C2951F4CF0054A045 /* Frameworks */,
			);
			sourceTree = "<group>";
		};
		212A1FC22951B38000508396 /* Products */ = {
			isa = PBXGroup;
			children = (
				212A1FC12951B38000508396 /* clitical-ios.app */,
				212A1FD12951B38000508396 /* clitical-iosTests.xctest */,
				212A1FDB2951B38000508396 /* clitical-iosUITests.xctest */,
			);
			name = Products;
			sourceTree = "<group>";
		};
		212A1FC32951B38000508396 /* clitical */ = {
			isa = PBXGroup;
			children = (
				21C78F8B2951F4180054A045 /* CLPatientData */,
				212A1FC42951B38000508396 /* CliticalApp.swift */,
				212A1FC62951B38000508396 /* ContentView.swift */,
				218C5C222983BDEA006A4592 /* PredictedRiskView.swift */,
				2115F42A298005270057C89C /* QuestionError.swift */,
				2126FE18297D406300A23B18 /* WeightFormView.swift */,
				2115F424297FB4860057C89C /* AlbFormView.swift */,
				21365623297F65E300BFDAFD /* AgeFormView.swift */,
				2126FE1A297D673400A23B18 /* HeightFormView.swift */,
				212A1FC82951B38000508396 /* Assets.xcassets */,
				212A1FCA2951B38000508396 /* Preview Content */,
				2189A24C3004AE240002AA14 /* ChoiceListView.swift */,
				2189A24E3004AE2A0002AA14 /* Labels.swift */,
			);
			path = clitical;
			sourceTree = "<group>";
		};
		212A1FCA2951B38000508396 /* Preview Content */ = {
			isa = PBXGroup;
			children = (
				212A1FCB2951B38000508396 /* Preview Assets.xcassets */,
			);
			path = "Preview Content";
			sourceTree = "<group>";
		};
		212A1FD42951B38000508396 /* cliticalTests */ = {
			isa = PBXGroup;
			children = (
				212A1FD52951B38000508396 /* cliticalTests.swift */,
			);
			path = cliticalTests;
			sourceTree = "<group>";
		};
		212A1FDE2951B38000508396 /* cliticalUITests */ = {
			isa = PBXGroup;
			children = (
				212A1FDF2951B38000508396 /* cliticalUITests.swift */,
				212A1FE12951B38000508396 /* cliticalUITestsLaunchTests.swift */,
			);
			path = cliticalUITests;
			sourceTree = "<group>";
		};
		21C78F8C2951F4CF0054A045 /* Frameworks */ = {
			isa = PBXGroup;
			children = (
			);
			name = Frameworks;
			sourceTree = "<group>";
		};
/* End PBXGroup section */

/* Begin PBXNativeTarget section */
		212A1FC02951B38000508396 /* clitical-ios */ = {
			isa = PBXNativeTarget;
			buildConfigurationList = 212A1FE52951B38000508396 /* Build configuration list for PBXNativeTarget "clitical-ios" */;
			buildPhases = (
				212A1FBD2951B38000508396 /* Sources */,
				212A1FBE2951B38000508396 /* Frameworks */,
				212A1FBF2951B38000508396 /* Resources */,
			);
			buildRules = (
			);
			dependencies = (
			);
			name = "clitical-ios";
			packageProductDependencies = (
				21C78F8D2951F4CF0054A045 /* CLPatientData */,
			);
			productName = clitical;
			productReference = 212A1FC12951B38000508396 /* clitical-ios.app */;
			productType = "com.apple.product-type.application";
		};
		212A1FD02951B38000508396 /* clitical-iosTests */ = {
			isa = PBXNativeTarget;
			buildConfigurationList = 212A1FE82951B38000508396 /* Build configuration list for PBXNativeTarget "clitical-iosTests" */;
			buildPhases = (
				212A1FCD2951B38000508396 /* Sources */,
				212A1FCE2951B38000508396 /* Frameworks */,
				212A1FCF2951B38000508396 /* Resources */,
			);
			buildRules = (
			);
			dependencies = (
				212A1FD32951B38000508396 /* PBXTargetDependency */,
			);
			name = "clitical-iosTests";
			productName = cliticalTests;
			productReference = 212A1FD12951B38000508396 /* clitical-iosTests.xctest */;
			productType = "com.apple.product-type.bundle.unit-test";
		};
		212A1FDA2951B38000508396 /* clitical-iosUITests */ = {
			isa = PBXNativeTarget;
			buildConfigurationList = 212A1FEB2951B38000508396 /* Build configuration list for PBXNativeTarget "clitical-iosUITests" */;
			buildPhases = (
				212A1FD72951B38000508396 /* Sources */,
				212A1FD82951B38000508396 /* Frameworks */,
				212A1FD92951B38000508396 /* Resources */,
			);
			buildRules = (
			);
			dependencies = (
				212A1FDD2951B38000508396 /* PBXTargetDependency */,
			);
			name = "clitical-iosUITests";
			productName = cliticalUITests;
			productReference = 212A1FDB2951B38000508396 /* clitical-iosUITests.xctest */;
			productType = "com.apple.product-type.bundle.ui-testing";
		};
/* End PBXNativeTarget section */

/* Begin PBXProject section */
		212A1FB92951B38000508396 /* Project object */ = {
			isa = PBXProject;
			attributes = {
				BuildIndependentTargetsInParallel = 1;
				LastSwiftUpdateCheck = 1420;
				LastUpgradeCheck = 1420;
				TargetAttributes = {
					212A1FC02951B38000508396 = {
						CreatedOnToolsVersion = 14.2;
					};
					212A1FD02951B38000508396 = {
						CreatedOnToolsVersion = 14.2;
						TestTargetID = 212A1FC02951B38000508396;
					};
					212A1FDA2951B38000508396 = {
						CreatedOnToolsVersion = 14.2;
						TestTargetID = 212A1FC02951B38000508396;
					};
				};
			};
			buildConfigurationList = 212A1FBC2951B38000508396 /* Build configuration list for PBXProject "clitical-ios" */;
			compatibilityVersion = "Xcode 14.0";
			developmentRegion = en;
			hasScannedForEncodings = 0;
			knownRegions = (
				en,
				ja,
			);
			mainGroup = 212A1FB82951B38000508396;
			productRefGroup = 212A1FC22951B38000508396 /* Products */;
			projectDirPath = "";
			projectRoot = "";
			targets = (
				212A1FC02951B38000508396 /* clitical-ios */,
				212A1FD02951B38000508396 /* clitical-iosTests */,
				212A1FDA2951B38000508396 /* clitical-iosUITests */,
			);
		};
/* End PBXProject section */

/* Begin PBXResourcesBuildPhase section */
		212A1FBF2951B38000508396 /* Resources */ = {
			isa = PBXResourcesBuildPhase;
			buildActionMask = 2147483647;
			files = (
				212A1FCC2951B38000508396 /* Preview Assets.xcassets in Resources */,
				2196DF7A296DC20600A9FF81 /* Localizable.strings in Resources */,
				212A1FC92951B38000508396 /* Assets.xcassets in Resources */,
			);
			runOnlyForDeploymentPostprocessing = 0;
		};
		212A1FCF2951B38000508396 /* Resources */ = {
			isa = PBXResourcesBuildPhase;
			buildActionMask = 2147483647;
			files = (
			);
			runOnlyForDeploymentPostprocessing = 0;
		};
		212A1FD92951B38000508396 /* Resources */ = {
			isa = PBXResourcesBuildPhase;
			buildActionMask = 2147483647;
			files = (
			);
			runOnlyForDeploymentPostprocessing = 0;
		};
/* End PBXResourcesBuildPhase section */

/* Begin PBXSourcesBuildPhase section */
		212A1FBD2951B38000508396 /* Sources */ = {
			isa = PBXSourcesBuildPhase;
			buildActionMask = 2147483647;
			files = (
				212A1FC72951B38000508396 /* ContentView.swift in Sources */,
				2115F425297FB4860057C89C /* AlbFormView.swift in Sources */,
				218C5C232983BDEA006A4592 /* PredictedRiskView.swift in Sources */,
				2126FE19297D406300A23B18 /* WeightFormView.swift in Sources */,
				21365624297F65E300BFDAFD /* AgeFormView.swift in Sources */,
				2189A24D3004AE240002AA14 /* ChoiceListView.swift in Sources */,
				212A1FC52951B38000508396 /* CliticalApp.swift in Sources */,
				2189A24F3004AE2A0002AA14 /* Labels.swift in Sources */,
				2115F42B298005270057C89C /* QuestionError.swift in Sources */,
				2126FE1B297D673400A23B18 /* HeightFormView.swift in Sources */,
			);
			runOnlyForDeploymentPostprocessing = 0;
		};
		212A1FCD2951B38000508396 /* Sources */ = {
			isa = PBXSourcesBuildPhase;
			buildActionMask = 2147483647;
			files = (
				212A1FD62951B38000508396 /* cliticalTests.swift in Sources */,
			);
			runOnlyForDeploymentPostprocessing = 0;
		};
		212A1FD72951B38000508396 /* Sources */ = {
			isa = PBXSourcesBuildPhase;
			buildActionMask = 2147483647;
			files = (
				212A1FE22951B38000508396 /* cliticalUITestsLaunchTests.swift in Sources */,
				212A1FE02951B38000508396 /* cliticalUITests.swift in Sources */,
			);
			runOnlyForDeploymentPostprocessing = 0;
		};
/* End PBXSourcesBuildPhase section */

/* Begin PBXTargetDependency section */
		212A1FD32951B38000508396 /* PBXTargetDependency */ = {
			isa = PBXTargetDependency;
			target = 212A1FC02951B38000508396 /* clitical-ios */;
			targetProxy = 212A1FD22951B38000508396 /* PBXContainerItemProxy */;
		};
		212A1FDD2951B38000508396 /* PBXTargetDependency */ = {
			isa = PBXTargetDependency;
			target = 212A1FC02951B38000508396 /* clitical-ios */;
			targetProxy = 212A1FDC2951B38000508396 /* PBXContainerItemProxy */;
		};
/* End PBXTargetDependency section */

/* Begin PBXVariantGroup section */
		2196DF7C296DC20600A9FF81 /* Localizable.strings */ = {
			isa = PBXVariantGroup;
			children = (
				2196DF7D296DC21400A9FF81 /* ja */,
				2126FE1C297E02C400A23B18 /* en */,
			);
			name = Localizable.strings;
			sourceTree = "<group>";
		};
/* End PBXVariantGroup section */

/* Begin XCBuildConfiguration section */
		212A1FE32951B38000508396 /* Debug */ = {
			isa = XCBuildConfiguration;
			buildSettings = {
				ALWAYS_SEARCH_USER_PATHS = NO;
				CLANG_ANALYZER_NONNULL = YES;
				CLANG_ANALYZER_NUMBER_OBJECT_CONVERSION = YES_AGGRESSIVE;
				CLANG_CXX_LANGUAGE_STANDARD = "gnu++20";
				CLANG_ENABLE_MODULES = YES;
				CLANG_ENABLE_OBJC_ARC = YES;
				CLANG_ENABLE_OBJC_WEAK = YES;
				CLANG_WARN_BLOCK_CAPTURE_AUTORELEASING = YES;
				CLANG_WARN_BOOL_CONVERSION = YES;
				CLANG_WARN_COMMA = YES;
				CLANG_WARN_CONSTANT_CONVERSION = YES;
				CLANG_WARN_DEPRECATED_OBJC_IMPLEMENTATIONS = YES;
				CLANG_WARN_DIRECT_OBJC_ISA_USAGE = YES_ERROR;
				CLANG_WARN_DOCUMENTATION_COMMENTS = YES;
				CLANG_WARN_EMPTY_BODY = YES;
				CLANG_WARN_ENUM_CONVERSION = YES;
				CLANG_WARN_INFINITE_RECURSION = YES;
				CLANG_WARN_INT_CONVERSION = YES;
				CLANG_WARN_NON_LITERAL_NULL_CONVERSION = YES;
				CLANG_WARN_OBJC_IMPLICIT_RETAIN_SELF = YES;
				CLANG_WARN_OBJC_LITERAL_CONVERSION = YES;
				CLANG_WARN_OBJC_ROOT_CLASS = YES_ERROR;
				CLANG_WARN_QUOTED_INCLUDE_IN_FRAMEWORK_HEADER = YES;
				CLANG_WARN_RANGE_LOOP_ANALYSIS = YES;
				CLANG_WARN_STRICT_PROTOTYPES = YES;
				CLANG_WARN_SUSPICIOUS_MOVE = YES;
				CLANG_WARN_UNGUARDED_AVAILABILITY = YES_AGGRESSIVE;
				CLANG_WARN_UNREACHABLE_CODE = YES;
				CLANG_WARN__DUPLICATE_METHOD_MATCH = YES;
				COPY_PHASE_STRIP = NO;
				DEBUG_INFORMATION_FORMAT = dwarf;
				ENABLE_STRICT_OBJC_MSGSEND = YES;
				ENABLE_TESTABILITY = YES;
				GCC_C_LANGUAGE_STANDARD = gnu11;
				GCC_DYNAMIC_NO_PIC = NO;
				GCC_NO_COMMON_BLOCKS = YES;
				GCC_OPTIMIZATION_LEVEL = 0;
				GCC_PREPROCESSOR_DEFINITIONS = (
					"DEBUG=1",
					"$(inherited)",
				);
				GCC_WARN_64_TO_32_BIT_CONVERSION = YES;
				GCC_WARN_ABOUT_RETURN_TYPE = YES_ERROR;
				GCC_WARN_UNDECLARED_SELECTOR = YES;
				GCC_WARN_UNINITIALIZED_AUTOS = YES_AGGRESSIVE;
				GCC_WARN_UNUSED_FUNCTION = YES;
				GCC_WARN_UNUSED_VARIABLE = YES;
				IPHONEOS_DEPLOYMENT_TARGET = 15.0;
				MTL_ENABLE_DEBUG_INFO = INCLUDE_SOURCE;
				MTL_FAST_MATH = YES;
				ONLY_ACTIVE_ARCH = YES;
				SDKROOT = iphoneos;
				SWIFT_ACTIVE_COMPILATION_CONDITIONS = DEBUG;
				SWIFT_OPTIMIZATION_LEVEL = "-Onone";
			};
			name = Debug;
		};
		212A1FE42951B38000508396 /* Release */ = {
			isa = XCBuildConfiguration;
			buildSettings = {
				ALWAYS_SEARCH_USER_PATHS = NO;
				CLANG_ANALYZER_NONNULL = YES;
				CLANG_ANALYZER_NUMBER_OBJECT_CONVERSION = YES_AGGRESSIVE;
				CLANG_CXX_LANGUAGE_STANDARD = "gnu++20";
				CLANG_ENABLE_MODULES = YES;
				CLANG_ENABLE_OBJC_ARC = YES;
				CLANG_ENABLE_OBJC_WEAK = YES;
				CLANG_WARN_BLOCK_CAPTURE_AUTORELEASING = YES;
				CLANG_WARN_BOOL_CONVERSION = YES;
				CLANG_WARN_COMMA = YES;
				CLANG_WARN_CONSTANT_CONVERSION = YES;
				CLANG_WARN_DEPRECATED_OBJC_IMPLEMENTATIONS = YES;
				CLANG_WARN_DIRECT_OBJC_ISA_USAGE = YES_ERROR;
				CLANG_WARN_DOCUMENTATION_COMMENTS = YES;
				CLANG_WARN_EMPTY_BODY = YES;
				CLANG_WARN_ENUM_CONVERSION = YES;
				CLANG_WARN_INFINITE_RECURSION = YES;
				CLANG_WARN_INT_CONVERSION = YES;
				CLANG_WARN_NON_LITERAL_NULL_CONVERSION = YES;
				CLANG_WARN_OBJC_IMPLICIT_RETAIN_SELF = YES;
				CLANG_WARN_OBJC_LITERAL_CONVERSION = YES;
				CLANG_WARN_OBJC_ROOT_CLASS = YES_ERROR;
				CLANG_WARN_QUOTED_INCLUDE_IN_FRAMEWORK_HEADER = YES;
				CLANG_WARN_RANGE_LOOP_ANALYSIS = YES;
				CLANG_WARN_STRICT_PROTOTYPES = YES;
				CLANG_WARN_SUSPICIOUS_MOVE = YES;
				CLANG_WARN_UNGUARDED_AVAILABILITY = YES_AGGRESSIVE;
				CLANG_WARN_UNREACHABLE_CODE = YES;
				CLANG_WARN__DUPLICATE_METHOD_MATCH = YES;
				COPY_PHASE_STRIP = NO;
				DEBUG_INFORMATION_FORMAT = "dwarf-with-dsym";
				ENABLE_NS_ASSERTIONS = NO;
				ENABLE_STRICT_OBJC_MSGSEND = YES;
				GCC_C_LANGUAGE_STANDARD = gnu11;
				GCC_NO_COMMON_BLOCKS = YES;
				GCC_WARN_64_TO_32_BIT_CONVERSION = YES;
				GCC_WARN_ABOUT_RETURN_TYPE = YES_ERROR;
				GCC_WARN_UNDECLARED_SELECTOR = YES;
				GCC_WARN_UNINITIALIZED_AUTOS = YES_AGGRESSIVE;
				GCC_WARN_UNUSED_FUNCTION = YES;
				GCC_WARN_UNUSED_VARIABLE = YES;
				IPHONEOS_DEPLOYMENT_TARGET = 15.0;
				MTL_ENABLE_DEBUG_INFO = NO;
				MTL_FAST_MATH = YES;
				SDKROOT = iphoneos;
				SWIFT_COMPILATION_MODE = wholemodule;
				SWIFT_OPTIMIZATION_LEVEL = "-O";
				VALIDATE_PRODUCT = YES;
			};
			name = Release;
		};
		212A1FE62951B38000508396 /* Debug */ = {
			isa = XCBuildConfiguration;
			buildSettings = {
				ASSETCATALOG_COMPILER_APPICON_NAME = AppIcon;
				ASSETCATALOG_COMPILER_GLOBAL_ACCENT_COLOR_NAME = AccentColor;
				CODE_SIGN_STYLE = Automatic;
				CURRENT_PROJECT_VERSION = 1;
				DEVELOPMENT_ASSET_PATHS = "\"clitical/Preview Content\"";
				DEVELOPMENT_TEAM = 7XT4A4J2HC;
				ENABLE_PREVIEWS = YES;
				GENERATE_INFOPLIST_FILE = YES;
				INFOPLIST_KEY_CFBundleDisplayName = CLiTICAL2;
				INFOPLIST_KEY_LSApplicationCategoryType = "public.app-category.medical";
				INFOPLIST_KEY_UIApplicationSceneManifest_Generation = YES;
				INFOPLIST_KEY_UIApplicationSupportsIndirectInputEvents = YES;
				INFOPLIST_KEY_UILaunchScreen_Generation = YES;
				INFOPLIST_KEY_UIStatusBarStyle = "";
				INFOPLIST_KEY_UISupportedInterfaceOrientations = "UIInterfaceOrientationLandscapeLeft UIInterfaceOrientationLandscapeRight UIInterfaceOrientationPortrait UIInterfaceOrientationPortraitUpsideDown";
				IPHONEOS_DEPLOYMENT_TARGET = 15.0;
				LD_RUNPATH_SEARCH_PATHS = (
					"$(inherited)",
					"@executable_path/Frameworks",
				);
				MARKETING_VERSION = 0.1.0;
				PRODUCT_BUNDLE_IDENTIFIER = "org.studiomexx.clitical-ios";
				PRODUCT_NAME = "$(TARGET_NAME)";
				SUPPORTED_PLATFORMS = "iphoneos iphonesimulator";
				SUPPORTS_MACCATALYST = NO;
				SUPPORTS_MAC_DESIGNED_FOR_IPHONE_IPAD = NO;
				SWIFT_EMIT_LOC_STRINGS = YES;
				SWIFT_VERSION = 5.0;
				TARGETED_DEVICE_FAMILY = 1;
			};
			name = Debug;
		};
		212A1FE72951B38000508396 /* Release */ = {
			isa = XCBuildConfiguration;
			buildSettings = {
				ASSETCATALOG_COMPILER_APPICON_NAME = AppIcon;
				ASSETCATALOG_COMPILER_GLOBAL_ACCENT_COLOR_NAME = AccentColor;
				CODE_SIGN_STYLE = Automatic;
				CURRENT_PROJECT_VERSION = 1;
				DEVELOPMENT_ASSET_PATHS = "\"clitical/Preview Content\"";
				DEVELOPMENT_TEAM = 7XT4A4J2HC;
				ENABLE_PREVIEWS = YES;
				GENERATE_INFOPLIST_FILE = YES;
				INFOPLIST_KEY_CFBundleDisplayName = CLiTICAL2;
				INFOPLIST_KEY_LSApplicationCategoryType = "public.app-category.medical";
				INFOPLIST_KEY_UIApplicationSceneManifest_Generation = YES;
				INFOPLIST_KEY_UIApplicationSupportsIndirectInputEvents = YES;
				INFOPLIST_KEY_UILaunchScreen_Generation = YES;
				INFOPLIST_KEY_UIStatusBarStyle = "";
				INFOPLIST_KEY_UISupportedInterfaceOrientations = "UIInterfaceOrientationLandscapeLeft UIInterfaceOrientationLandscapeRight UIInterfaceOrientationPortrait UIInterfaceOrientationPortraitUpsideDown";
				IPHONEOS_DEPLOYMENT_TARGET = 15.0;
				LD_RUNPATH_SEARCH_PATHS = (
					"$(inherited)",
					"@executable_path/Frameworks",
				);
				MARKETING_VERSION = 0.1.0;
				PRODUCT_BUNDLE_IDENTIFIER = "org.studiomexx.clitical-ios";
				PRODUCT_NAME = "$(TARGET_NAME)";
				SUPPORTED_PLATFORMS = "iphoneos iphonesimulator";
				SUPPORTS_MACCATALYST = NO;
				SUPPORTS_MAC_DESIGNED_FOR_IPHONE_IPAD = NO;
				SWIFT_EMIT_LOC_STRINGS = YES;
				SWIFT_VERSION = 5.0;
				TARGETED_DEVICE_FAMILY = 1;
			};
			name = Release;
		};
		212A1FE92951B38000508396 /* Debug */ = {
			isa = XCBuildConfiguration;
			buildSettings = {
				ALWAYS_EMBED_SWIFT_STANDARD_LIBRARIES = YES;
				BUNDLE_LOADER = "$(TEST_HOST)";
				CODE_SIGN_STYLE = Automatic;
				CURRENT_PROJECT_VERSION = 1;
				DEVELOPMENT_TEAM = 7XT4A4J2HC;
				GENERATE_INFOPLIST_FILE = YES;
				IPHONEOS_DEPLOYMENT_TARGET = 15.0;
				MARKETING_VERSION = 1.0;
				PRODUCT_BUNDLE_IDENTIFIER = org.studiomexx.cliticalTests;
				PRODUCT_NAME = "$(TARGET_NAME)";
				SUPPORTED_PLATFORMS = "iphoneos iphonesimulator";
				SUPPORTS_MACCATALYST = NO;
				SUPPORTS_MAC_DESIGNED_FOR_IPHONE_IPAD = NO;
				SWIFT_EMIT_LOC_STRINGS = NO;
				SWIFT_VERSION = 5.0;
				TARGETED_DEVICE_FAMILY = 1;
				TEST_HOST = "$(BUILT_PRODUCTS_DIR)/clitical-ios.app/$(BUNDLE_EXECUTABLE_FOLDER_PATH)/clitical-ios";
			};
			name = Debug;
		};
		212A1FEA2951B38000508396 /* Release */ = {
			isa = XCBuildConfiguration;
			buildSettings = {
				ALWAYS_EMBED_SWIFT_STANDARD_LIBRARIES = YES;
				BUNDLE_LOADER = "$(TEST_HOST)";
				CODE_SIGN_STYLE = Automatic;
				CURRENT_PROJECT_VERSION = 1;
				DEVELOPMENT_TEAM = 7XT4A4J2HC;
				GENERATE_INFOPLIST_FILE = YES;
				IPHONEOS_DEPLOYMENT_TARGET = 15.0;
				MARKETING_VERSION = 1.0;
				PRODUCT_BUNDLE_IDENTIFIER = org.studiomexx.cliticalTests;
				PRODUCT_NAME = "$(TARGET_NAME)";
				SUPPORTED_PLATFORMS = "iphoneos iphonesimulator";
				SUPPORTS_MACCATALYST = NO;
				SUPPORTS_MAC_DESIGNED_FOR_IPHONE_IPAD = NO;
				SWIFT_EMIT_LOC_STRINGS = NO;
				SWIFT_VERSION = 5.0;
				TARGETED_DEVICE_FAMILY = 1;
				TEST_HOST = "$(BUILT_PRODUCTS_DIR)/clitical-ios.app/$(BUNDLE_EXECUTABLE_FOLDER_PATH)/clitical-ios";
			};
			name = Release;
		};
		212A1FEC2951B38000508396 /* Debug */ = {
			isa = XCBuildConfiguration;
			buildSettings = {
				ALWAYS_EMBED_SWIFT_STANDARD_LIBRARIES = YES;
				CODE_SIGN_STYLE = Automatic;
				CURRENT_PROJECT_VERSION = 1;
				DEVELOPMENT_TEAM = 7XT4A4J2HC;
				GENERATE_INFOPLIST_FILE = YES;
				IPHONEOS_DEPLOYMENT_TARGET = 15.0;
				MARKETING_VERSION = 1.0;
				PRODUCT_BUNDLE_IDENTIFIER = org.studiomexx.cliticalUITests;
				PRODUCT_NAME = "$(TARGET_NAME)";
				SUPPORTED_PLATFORMS = "iphoneos iphonesimulator";
				SUPPORTS_MACCATALYST = NO;
				SUPPORTS_MAC_DESIGNED_FOR_IPHONE_IPAD = NO;
				SWIFT_EMIT_LOC_STRINGS = NO;
				SWIFT_VERSION = 5.0;
				TARGETED_DEVICE_FAMILY = 1;
				TEST_TARGET_NAME = clitical;
			};
			name = Debug;
		};
		212A1FED2951B38000508396 /* Release */ = {
			isa = XCBuildConfiguration;
			buildSettings = {
				ALWAYS_EMBED_SWIFT_STANDARD_LIBRARIES = YES;
				CODE_SIGN_STYLE = Automatic;
				CURRENT_PROJECT_VERSION = 1;
				DEVELOPMENT_TEAM = 7XT4A4J2HC;
				GENERATE_INFOPLIST_FILE = YES;
				IPHONEOS_DEPLOYMENT_TARGET = 15.0;
				MARKETING_VERSION = 1.0;
				PRODUCT_BUNDLE_IDENTIFIER = org.studiomexx.cliticalUITests;
				PRODUCT_NAME = "$(TARGET_NAME)";
				SUPPORTED_PLATFORMS = "iphoneos iphonesimulator";
				SUPPORTS_MACCATALYST = NO;
				SUPPORTS_MAC_DESIGNED_FOR_IPHONE_IPAD = NO;
				SWIFT_EMIT_LOC_STRINGS = NO;
				SWIFT_VERSION = 5.0;
				TARGETED_DEVICE_FAMILY = 1;
				TEST_TARGET_NAME = clitical;
			};
			name = Release;
		};
/* End XCBuildConfiguration section */

/* Begin XCConfigurationList section */
		212A1FBC2951B38000508396 /* Build configuration list for PBXProject "clitical-ios" */ = {
			isa = XCConfigurationList;
			buildConfigurations = (
				212A1FE32951B38000508396 /* Debug */,
				212A1FE42951B38000508396 /* Release */,
			);
			defaultConfigurationIsVisible = 0;
			defaultConfigurationName = Release;
		};
		212A1FE52951B38000508396 /* Build configuration list for PBXNativeTarget "clitical-ios" */ = {
			isa = XCConfigurationList;
			buildConfigurations = (
				212A1FE62951B38000508396 /* Debug */,
				212A1FE72951B38000508396 /* Release */,
			);
			defaultConfigurationIsVisible = 0;
			defaultConfigurationName = Release;
		};
		212A1FE82951B38000508396 /* Build configuration list for PBXNativeTarget "clitical-iosTests" */ = {
			isa = XCConfigurationList;
			buildConfigurations = (
				212A1FE92951B38000508396 /* Debug */,
				212A1FEA2951B38000508396 /* Release */,
			);
			defaultConfigurationIsVisible = 0;
			defaultConfigurationName = Release;
		};
		212A1FEB2951B38000508396 /* Build configuration list for PBXNativeTarget "clitical-iosUITests" */ = {
			isa = XCConfigurationList;
			buildConfigurations = (
				212A1FEC2951B38000508396 /* Debug */,
				212A1FED2951B38000508396 /* Release */,
			);
			defaultConfigurationIsVisible = 0;
			defaultConfigurationName = Release;
		};
/* End XCConfigurationList section */

/* Begin XCSwiftPackageProductDependency section */
		21C78F8D2951F4CF0054A045 /* CLPatientData */ = {
			isa = XCSwiftPackageProductDependency;
			productName = CLPatientData;
		};
/* End XCSwiftPackageProductDependency section */
	};
	rootObject = 212A1FB92951B38000508396 /* Project object */;
}
